
Microsoft Visual Studio Solution File, Format Version 12.00
# Visual Studio Version 16
VisualStudioVersion = 16.0.34931.43
MinimumVisualStudioVersion = 10.0.40219.1
Project("{FAE04EC0-301F-11D3-BF4B-00C04F79EFBC}") = "cc9", "cc9.csproj", "{AE6F8AC7-1A45-43FD-8AEE-9293A53ECD5F}"
EndProject
Global
	GlobalSection(SolutionConfigurationPlatforms) = preSolution
		Debug|Any CPU = Debug|Any CPU
		Release|Any CPU = Release|Any CPU
	EndGlobalSection
	GlobalSection(ProjectConfigurationPlatforms) = postSolution
		{AE6F8AC7-1A45-43FD-8AEE-9293A53ECD5F}.Debug|Any CPU.ActiveCfg = Debug|Any CPU
		{AE6F8AC7-1A45-43FD-8AEE-9293A53ECD5F}.Debug|Any CPU.Build.0 = Debug|Any CPU
		{AE6F8AC7-1A45-43FD-8AEE-9293A53ECD5F}.Release|Any CPU.ActiveCfg = Release|Any CPU
		{AE6F8AC7-1A45-43FD-8AEE-9293A53ECD5F}.Release|Any CPU.Build.0 = Release|Any CPU
	EndGlobalSection
	GlobalSection(SolutionProperties) = preSolution
		HideSolutionNode = FALSE
	EndGlobalSection
	GlobalSection(ExtensibilityGlobals) = postSolution
		SolutionGuid = {80A19CEE-110A-4574-9D1D-A0F94A9331F5}
	EndGlobalSection
EndGlobal
